
Microsoft Visual Studio Solution File, Format Version 12.00
# Visual Studio Version 16
VisualStudioVersion = 16.0.30517.126
MinimumVisualStudioVersion = 10.0.40219.1
Project("{FAE04EC0-301F-11D3-BF4B-00C04F79EFBC}") = "TravelRecordApp.Android", "TravelRecordApp.Android\TravelRecordApp.Android.csproj", "{DCD8C780-02E5-4BDE-B370-426AC8272027}"
EndProject
Project("{FAE04EC0-301F-11D3-BF4B-00C04F79EFBC}") = "TravelRecordApp.iOS", "TravelRecordApp.iOS\TravelRecordApp.iOS.csproj", "{56CC760B-D67E-4C61-874F-D9C5E59E7296}"
EndProject
Project("{FAE04EC0-301F-11D3-BF4B-00C04F79EFBC}") = "TravelRecordApp", "TravelRecordApp\TravelRecordApp.csproj", "{B24F6AE1-348C-49A2-B1B3-01932C28C2FF}"
EndProject
Global
	GlobalSection(SolutionConfigurationPlatforms) = preSolution
		Debug|Any CPU = Debug|Any CPU
		Debug|iPhone = Debug|iPhone
		Debug|iPhoneSimulator = Debug|iPhoneSimulator
		Release|Any CPU = Release|Any CPU
		Release|iPhone = Release|iPhone
		Release|iPhoneSimulator = Release|iPhoneSimulator
	EndGlobalSection
	GlobalSection(ProjectConfigurationPlatforms) = postSolution
		{DCD8C780-02E5-4BDE-B370-426AC8272027}.Debug|Any CPU.ActiveCfg = Debug|Any CPU
		{DCD8C780-02E5-4BDE-B370-426AC8272027}.Debug|Any CPU.Build.0 = Debug|Any CPU
		{DCD8C780-02E5-4BDE-B370-426AC8272027}.Debug|Any CPU.Deploy.0 = Debug|Any CPU
		{DCD8C780-02E5-4BDE-B370-426AC8272027}.Debug|iPhone.ActiveCfg = Debug|Any CPU
		{DCD8C780-02E5-4BDE-B370-426AC8272027}.Debug|iPhone.Build.0 = Debug|Any CPU
		{DCD8C780-02E5-4BDE-B370-426AC8272027}.Debug|iPhone.Deploy.0 = Debug|Any CPU
		{DCD8C780-02E5-4BDE-B370-426AC8272027}.Debug|iPhoneSimulator.ActiveCfg = Debug|Any CPU
		{DCD8C780-02E5-4BDE-B370-426AC8272027}.Debug|iPhoneSimulator.Build.0 = Debug|Any CPU
		{DCD8C780-02E5-4BDE-B370-426AC8272027}.Debug|iPhoneSimulator.Deploy.0 = Debug|Any CPU
		{DCD8C780-02E5-4BDE-B370-426AC8272027}.Release|Any CPU.ActiveCfg = Release|Any CPU
		{DCD8C780-02E5-4BDE-B370-426AC8272027}.Release|Any CPU.Build.0 = Release|Any CPU
		{DCD8C780-02E5-4BDE-B370-426AC8272027}.Release|Any CPU.Deploy.0 = Release|Any CPU
		{DCD8C780-02E5-4BDE-B370-426AC8272027}.Release|iPhone.ActiveCfg = Release|Any CPU
		{DCD8C780-02E5-4BDE-B370-426AC8272027}.Release|iPhone.Build.0 = Release|Any CPU
		{DCD8C780-02E5-4BDE-B370-426AC8272027}.Release|iPhone.Deploy.0 = Release|Any CPU
		{DCD8C780-02E5-4BDE-B370-426AC8272027}.Release|iPhoneSimulator.ActiveCfg = Release|Any CPU
		{DCD8C780-02E5-4BDE-B370-426AC8272027}.Release|iPhoneSimulator.Build.0 = Release|Any CPU
		{DCD8C780-02E5-4BDE-B370-426AC8272027}.Release|iPhoneSimulator.Deploy.0 = Release|Any CPU
		{56CC760B-D67E-4C61-874F-D9C5E59E7296}.Debug|Any CPU.ActiveCfg = Debug|iPhone
		{56CC760B-D67E-4C61-874F-D9C5E59E7296}.Debug|Any CPU.Build.0 = Debug|iPhone
		{56CC760B-D67E-4C61-874F-D9C5E59E7296}.Debug|Any CPU.Deploy.0 = Debug|iPhone
		{56CC760B-D67E-4C61-874F-D9C5E59E7296}.Debug|iPhone.ActiveCfg = Debug|iPhone
		{56CC760B-D67E-4C61-874F-D9C5E59E7296}.Debug|iPhone.Build.0 = Debug|iPhone
		{56CC760B-D67E-4C61-874F-D9C5E59E7296}.Debug|iPhone.Deploy.0 = Debug|iPhone
		{56CC760B-D67E-4C61-874F-D9C5E59E7296}.Debug|iPhoneSimulator.ActiveCfg = Debug|iPhoneSimulator
		{56CC760B-D67E-4C61-874F-D9C5E59E7296}.Debug|iPhoneSimulator.Build.0 = Debug|iPhoneSimulator
		{56CC760B-D67E-4C61-874F-D9C5E59E7296}.Debug|iPhoneSimulator.Deploy.0 = Debug|iPhoneSimulator
		{56CC760B-D67E-4C61-874F-D9C5E59E7296}.Release|Any CPU.ActiveCfg = Release|iPhoneSimulator
		{56CC760B-D67E-4C61-874F-D9C5E59E7296}.Release|Any CPU.Build.0 = Release|iPhoneSimulator
		{56CC760B-D67E-4C61-874F-D9C5E59E7296}.Release|Any CPU.Deploy.0 = Release|iPhoneSimulator
		{56CC760B-D67E-4C61-874F-D9C5E59E7296}.Release|iPhone.ActiveCfg = Release|iPhone
		{56CC760B-D67E-4C61-874F-D9C5E59E7296}.Release|iPhone.Build.0 = Release|iPhone
		{56CC760B-D67E-4C61-874F-D9C5E59E7296}.Release|iPhone.Deploy.0 = Release|iPhone
		{56CC760B-D67E-4C61-874F-D9C5E59E7296}.Release|iPhoneSimulator.ActiveCfg = Release|iPhoneSimulator
		{56CC760B-D67E-4C61-874F-D9C5E59E7296}.Release|iPhoneSimulator.Build.0 = Release|iPhoneSimulator
		{56CC760B-D67E-4C61-874F-D9C5E59E7296}.Release|iPhoneSimulator.Deploy.0 = Release|iPhoneSimulator
		{B24F6AE1-348C-49A2-B1B3-01932C28C2FF}.Debug|Any CPU.ActiveCfg = Debug|Any CPU
		{B24F6AE1-348C-49A2-B1B3-01932C28C2FF}.Debug|Any CPU.Build.0 = Debug|Any CPU
		{B24F6AE1-348C-49A2-B1B3-01932C28C2FF}.Debug|Any CPU.Deploy.0 = Debug|Any CPU
		{B24F6AE1-348C-49A2-B1B3-01932C28C2FF}.Debug|iPhone.ActiveCfg = Debug|Any CPU
		{B24F6AE1-348C-49A2-B1B3-01932C28C2FF}.Debug|iPhone.Build.0 = Debug|Any CPU
		{B24F6AE1-348C-49A2-B1B3-01932C28C2FF}.Debug|iPhone.Deploy.0 = Debug|Any CPU
		{B24F6AE1-348C-49A2-B1B3-01932C28C2FF}.Debug|iPhoneSimulator.ActiveCfg = Debug|Any CPU
		{B24F6AE1-348C-49A2-B1B3-01932C28C2FF}.Debug|iPhoneSimulator.Build.0 = Debug|Any CPU
		{B24F6AE1-348C-49A2-B1B3-01932C28C2FF}.Debug|iPhoneSimulator.Deploy.0 = Debug|Any CPU
		{B24F6AE1-348C-49A2-B1B3-01932C28C2FF}.Release|Any CPU.ActiveCfg = Release|Any CPU
		{B24F6AE1-348C-49A2-B1B3-01932C28C2FF}.Release|Any CPU.Build.0 = Release|Any CPU
		{B24F6AE1-348C-49A2-B1B3-01932C28C2FF}.Release|Any CPU.Deploy.0 = Release|Any CPU
		{B24F6AE1-348C-49A2-B1B3-01932C28C2FF}.Release|iPhone.ActiveCfg = Release|Any CPU
		{B24F6AE1-348C-49A2-B1B3-01932C28C2FF}.Release|iPhone.Build.0 = Release|Any CPU
		{B24F6AE1-348C-49A2-B1B3-01932C28C2FF}.Release|iPhone.Deploy.0 = Release|Any CPU
		{B24F6AE1-348C-49A2-B1B3-01932C28C2FF}.Release|iPhoneSimulator.ActiveCfg = Release|Any CPU
		{B24F6AE1-348C-49A2-B1B3-01932C28C2FF}.Release|iPhoneSimulator.Build.0 = Release|Any CPU
		{B24F6AE1-348C-49A2-B1B3-01932C28C2FF}.Release|iPhoneSimulator.Deploy.0 = Release|Any CPU
	EndGlobalSection
	GlobalSection(SolutionProperties) = preSolution
		HideSolutionNode = FALSE
	EndGlobalSection
	GlobalSection(ExtensibilityGlobals) = postSolution
		SolutionGuid = {986BEECF-0D11-4E54-AB83-D6BE44E933D9}
	EndGlobalSection
EndGlobal
